
Microsoft Visual Studio Solution File, Format Version 12.00
# Visual Studio 15
VisualStudioVersion = 15.0.28307.102
MinimumVisualStudioVersion = 10.0.40219.1
Project("{9A19103F-16F7-4668-BE54-9A1E7A4F7556}") = "DataStructuresAndAlgorithms", "DataStructuresAndAlgorithms\DataStructuresAndAlgorithms.csproj", "{63E3E6C5-3F6C-4DCF-858A-0B4A10CE69F4}"
EndProject
Project("{FAE04EC0-301F-11D3-BF4B-00C04F79EFBC}") = "DSTTestProject", "DSTTestProject\DSTTestProject.csproj", "{DFB6E5A0-1FB0-4D38-85B8-97B1D6F05DB6}"
EndProject
Global
	GlobalSection(SolutionConfigurationPlatforms) = preSolution
		Debug|Any CPU = Debug|Any CPU
		Release|Any CPU = Release|Any CPU
	EndGlobalSection
	GlobalSection(ProjectConfigurationPlatforms) = postSolution
		{63E3E6C5-3F6C-4DCF-858A-0B4A10CE69F4}.Debug|Any CPU.ActiveCfg = Debug|Any CPU
		{63E3E6C5-3F6C-4DCF-858A-0B4A10CE69F4}.Debug|Any CPU.Build.0 = Debug|Any CPU
		{63E3E6C5-3F6C-4DCF-858A-0B4A10CE69F4}.Release|Any CPU.ActiveCfg = Release|Any CPU
		{63E3E6C5-3F6C-4DCF-858A-0B4A10CE69F4}.Release|Any CPU.Build.0 = Release|Any CPU
		{DFB6E5A0-1FB0-4D38-85B8-97B1D6F05DB6}.Debug|Any CPU.ActiveCfg = Debug|Any CPU
		{DFB6E5A0-1FB0-4D38-85B8-97B1D6F05DB6}.Debug|Any CPU.Build.0 = Debug|Any CPU
		{DFB6E5A0-1FB0-4D38-85B8-97B1D6F05DB6}.Release|Any CPU.ActiveCfg = Release|Any CPU
		{DFB6E5A0-1FB0-4D38-85B8-97B1D6F05DB6}.Release|Any CPU.Build.0 = Release|Any CPU
	EndGlobalSection
	GlobalSection(SolutionProperties) = preSolution
		HideSolutionNode = FALSE
	EndGlobalSection
	GlobalSection(ExtensibilityGlobals) = postSolution
		SolutionGuid = {2712E55B-6F9B-4DCA-B569-6AA86E58E1A1}
	EndGlobalSection
EndGlobal
